dependencies:
  espressif/qrcode:
    component_hash: 3b493771bc5d6ad30cbf87c25bf784aada8a08c941504355b55d6b75518ed7bc
    dependencies: []
    source:
      registry_url: https://components.espressif.com/
      type: service
    version: 0.1.0~2
  hayschan/max6675:
    component_hash: d414c81439e758d90ef92c08164e9d722936f79451983d4d16d2349de7ea716c
    dependencies:
    - name: idf
      require: private
      version: '>=4.4.0'
    source:
      registry_url: https://components.espressif.com/
      type: service
    version: 1.0.6
  idf:
    source:
      type: idf
    version: 5.3.1
direct_dependencies:
- espressif/qrcode
- hayschan/max6675
- idf
manifest_hash: 53efa2d2f08d59ecbcdc6e34b40552b2c691eb98759cb92103c36267ca7a8cb3
target: esp32
version: 2.0.0
